
Microsoft Visual Studio Solution File, Format Version 12.00
# Visual Studio 15
VisualStudioVersion = 15.0.28307.645
MinimumVisualStudioVersion = 10.0.40219.1
Project("{9A19103F-16F7-4668-BE54-9A1E7A4F7556}") = "01Task", "01Task\01Task.csproj", "{E6AA5BBF-8EBB-458E-866B-1BBF680EB41F}"
EndProject
Project("{9A19103F-16F7-4668-BE54-9A1E7A4F7556}") = "02Task", "02Task\02Task.csproj", "{5DDD3B93-1667-4690-B760-904928366A5B}"
EndProject
Project("{9A19103F-16F7-4668-BE54-9A1E7A4F7556}") = "03Task", "03Task\03Task.csproj", "{10E211F8-9981-4810-B02C-C96EB1E951C5}"
EndProject
Project("{9A19103F-16F7-4668-BE54-9A1E7A4F7556}") = "04Task", "04Task\04Task.csproj", "{C294EC43-D4B5-468D-85E0-A17533F90A1A}"
EndProject
Project("{9A19103F-16F7-4668-BE54-9A1E7A4F7556}") = "05Task", "05Task\05Task.csproj", "{31350702-02C6-47C3-B033-8E8A88045375}"
EndProject
Project("{9A19103F-16F7-4668-BE54-9A1E7A4F7556}") = "06Task", "06task\06Task.csproj", "{7D2A05D9-0908-45F8-A29E-CCC94B56BFA0}"
EndProject
Project("{9A19103F-16F7-4668-BE54-9A1E7A4F7556}") = "07Task", "07Task\07Task.csproj", "{2A3573B5-2EAF-487D-9D4D-5B89CCDEB013}"
EndProject
Project("{9A19103F-16F7-4668-BE54-9A1E7A4F7556}") = "08Task", "08Task\08Task.csproj", "{5EB3870D-6B7D-4B25-9FED-C6FBC57E4723}"
EndProject
Project("{9A19103F-16F7-4668-BE54-9A1E7A4F7556}") = "09Task", "09Task\09Task.csproj", "{C38E5178-718E-485B-B809-CFCB0A5BB6C3}"
EndProject
Project("{9A19103F-16F7-4668-BE54-9A1E7A4F7556}") = "10Task", "10Task\10Task.csproj", "{527EA4AF-0DC3-4A69-91A5-66FB72931FAB}"
EndProject
Project("{9A19103F-16F7-4668-BE54-9A1E7A4F7556}") = "11Task", "11Task\11Task.csproj", "{45C87C95-F54D-43FC-AFDD-F24DCAA80E44}"
EndProject
Project("{9A19103F-16F7-4668-BE54-9A1E7A4F7556}") = "12Task", "12Task\12Task.csproj", "{775BDECC-F9DE-4A11-A351-38CF1FE261B9}"
EndProject
Project("{9A19103F-16F7-4668-BE54-9A1E7A4F7556}") = "13Task", "13Task\13Task.csproj", "{0EB3EFC5-6EFE-4179-BC1C-5F08A848FF25}"
EndProject
Project("{9A19103F-16F7-4668-BE54-9A1E7A4F7556}") = "14Task", "14Task\14Task.csproj", "{4951ECD5-1078-4A0A-816F-1DC4A8A6D4F6}"
EndProject
Project("{9A19103F-16F7-4668-BE54-9A1E7A4F7556}") = "15Task", "15Task\15Task.csproj", "{E92DC323-D36A-4A84-99A6-124286402E7A}"
EndProject
Project("{9A19103F-16F7-4668-BE54-9A1E7A4F7556}") = "16Task", "16Task\16Task.csproj", "{1AAD0A37-1668-482F-A9FB-9045BA1E9006}"
EndProject
Project("{FAE04EC0-301F-11D3-BF4B-00C04F79EFBC}") = "17Task", "17Task\17Task.csproj", "{162356E4-4A57-456C-811E-5F63A84A3595}"
EndProject
Project("{FAE04EC0-301F-11D3-BF4B-00C04F79EFBC}") = "18Task", "18Task\18Task.csproj", "{DE7A65B1-FA70-4CEB-AE7A-932572055E0B}"
EndProject
Global
	GlobalSection(SolutionConfigurationPlatforms) = preSolution
		Debug|Any CPU = Debug|Any CPU
		Release|Any CPU = Release|Any CPU
	EndGlobalSection
	GlobalSection(ProjectConfigurationPlatforms) = postSolution
		{E6AA5BBF-8EBB-458E-866B-1BBF680EB41F}.Debug|Any CPU.ActiveCfg = Debug|Any CPU
		{E6AA5BBF-8EBB-458E-866B-1BBF680EB41F}.Debug|Any CPU.Build.0 = Debug|Any CPU
		{E6AA5BBF-8EBB-458E-866B-1BBF680EB41F}.Release|Any CPU.ActiveCfg = Release|Any CPU
		{E6AA5BBF-8EBB-458E-866B-1BBF680EB41F}.Release|Any CPU.Build.0 = Release|Any CPU
		{5DDD3B93-1667-4690-B760-904928366A5B}.Debug|Any CPU.ActiveCfg = Debug|Any CPU
		{5DDD3B93-1667-4690-B760-904928366A5B}.Debug|Any CPU.Build.0 = Debug|Any CPU
		{5DDD3B93-1667-4690-B760-904928366A5B}.Release|Any CPU.ActiveCfg = Release|Any CPU
		{5DDD3B93-1667-4690-B760-904928366A5B}.Release|Any CPU.Build.0 = Release|Any CPU
		{10E211F8-9981-4810-B02C-C96EB1E951C5}.Debug|Any CPU.ActiveCfg = Debug|Any CPU
		{10E211F8-9981-4810-B02C-C96EB1E951C5}.Debug|Any CPU.Build.0 = Debug|Any CPU
		{10E211F8-9981-4810-B02C-C96EB1E951C5}.Release|Any CPU.ActiveCfg = Release|Any CPU
		{10E211F8-9981-4810-B02C-C96EB1E951C5}.Release|Any CPU.Build.0 = Release|Any CPU
		{C294EC43-D4B5-468D-85E0-A17533F90A1A}.Debug|Any CPU.ActiveCfg = Debug|Any CPU
		{C294EC43-D4B5-468D-85E0-A17533F90A1A}.Debug|Any CPU.Build.0 = Debug|Any CPU
		{C294EC43-D4B5-468D-85E0-A17533F90A1A}.Release|Any CPU.ActiveCfg = Release|Any CPU
		{C294EC43-D4B5-468D-85E0-A17533F90A1A}.Release|Any CPU.Build.0 = Release|Any CPU
		{31350702-02C6-47C3-B033-8E8A88045375}.Debug|Any CPU.ActiveCfg = Debug|Any CPU
		{31350702-02C6-47C3-B033-8E8A88045375}.Debug|Any CPU.Build.0 = Debug|Any CPU
		{31350702-02C6-47C3-B033-8E8A88045375}.Release|Any CPU.ActiveCfg = Release|Any CPU
		{31350702-02C6-47C3-B033-8E8A88045375}.Release|Any CPU.Build.0 = Release|Any CPU
		{7D2A05D9-0908-45F8-A29E-CCC94B56BFA0}.Debug|Any CPU.ActiveCfg = Debug|Any CPU
		{7D2A05D9-0908-45F8-A29E-CCC94B56BFA0}.Debug|Any CPU.Build.0 = Debug|Any CPU
		{7D2A05D9-0908-45F8-A29E-CCC94B56BFA0}.Release|Any CPU.ActiveCfg = Release|Any CPU
		{7D2A05D9-0908-45F8-A29E-CCC94B56BFA0}.Release|Any CPU.Build.0 = Release|Any CPU
		{2A3573B5-2EAF-487D-9D4D-5B89CCDEB013}.Debug|Any CPU.ActiveCfg = Debug|Any CPU
		{2A3573B5-2EAF-487D-9D4D-5B89CCDEB013}.Debug|Any CPU.Build.0 = Debug|Any CPU
		{2A3573B5-2EAF-487D-9D4D-5B89CCDEB013}.Release|Any CPU.ActiveCfg = Release|Any CPU
		{2A3573B5-2EAF-487D-9D4D-5B89CCDEB013}.Release|Any CPU.Build.0 = Release|Any CPU
		{5EB3870D-6B7D-4B25-9FED-C6FBC57E4723}.Debug|Any CPU.ActiveCfg = Debug|Any CPU
		{5EB3870D-6B7D-4B25-9FED-C6FBC57E4723}.Debug|Any CPU.Build.0 = Debug|Any CPU
		{5EB3870D-6B7D-4B25-9FED-C6FBC57E4723}.Release|Any CPU.ActiveCfg = Release|Any CPU
		{5EB3870D-6B7D-4B25-9FED-C6FBC57E4723}.Release|Any CPU.Build.0 = Release|Any CPU
		{C38E5178-718E-485B-B809-CFCB0A5BB6C3}.Debug|Any CPU.ActiveCfg = Debug|Any CPU
		{C38E5178-718E-485B-B809-CFCB0A5BB6C3}.Debug|Any CPU.Build.0 = Debug|Any CPU
		{C38E5178-718E-485B-B809-CFCB0A5BB6C3}.Release|Any CPU.ActiveCfg = Release|Any CPU
		{C38E5178-718E-485B-B809-CFCB0A5BB6C3}.Release|Any CPU.Build.0 = Release|Any CPU
		{527EA4AF-0DC3-4A69-91A5-66FB72931FAB}.Debug|Any CPU.ActiveCfg = Debug|Any CPU
		{527EA4AF-0DC3-4A69-91A5-66FB72931FAB}.Debug|Any CPU.Build.0 = Debug|Any CPU
		{527EA4AF-0DC3-4A69-91A5-66FB72931FAB}.Release|Any CPU.ActiveCfg = Release|Any CPU
		{527EA4AF-0DC3-4A69-91A5-66FB72931FAB}.Release|Any CPU.Build.0 = Release|Any CPU
		{45C87C95-F54D-43FC-AFDD-F24DCAA80E44}.Debug|Any CPU.ActiveCfg = Debug|Any CPU
		{45C87C95-F54D-43FC-AFDD-F24DCAA80E44}.Debug|Any CPU.Build.0 = Debug|Any CPU
		{45C87C95-F54D-43FC-AFDD-F24DCAA80E44}.Release|Any CPU.ActiveCfg = Release|Any CPU
		{45C87C95-F54D-43FC-AFDD-F24DCAA80E44}.Release|Any CPU.Build.0 = Release|Any CPU
		{775BDECC-F9DE-4A11-A351-38CF1FE261B9}.Debug|Any CPU.ActiveCfg = Debug|Any CPU
		{775BDECC-F9DE-4A11-A351-38CF1FE261B9}.Debug|Any CPU.Build.0 = Debug|Any CPU
		{775BDECC-F9DE-4A11-A351-38CF1FE261B9}.Release|Any CPU.ActiveCfg = Release|Any CPU
		{775BDECC-F9DE-4A11-A351-38CF1FE261B9}.Release|Any CPU.Build.0 = Release|Any CPU
		{0EB3EFC5-6EFE-4179-BC1C-5F08A848FF25}.Debug|Any CPU.ActiveCfg = Debug|Any CPU
		{0EB3EFC5-6EFE-4179-BC1C-5F08A848FF25}.Debug|Any CPU.Build.0 = Debug|Any CPU
		{0EB3EFC5-6EFE-4179-BC1C-5F08A848FF25}.Release|Any CPU.ActiveCfg = Release|Any CPU
		{0EB3EFC5-6EFE-4179-BC1C-5F08A848FF25}.Release|Any CPU.Build.0 = Release|Any CPU
		{4951ECD5-1078-4A0A-816F-1DC4A8A6D4F6}.Debug|Any CPU.ActiveCfg = Debug|Any CPU
		{4951ECD5-1078-4A0A-816F-1DC4A8A6D4F6}.Debug|Any CPU.Build.0 = Debug|Any CPU
		{4951ECD5-1078-4A0A-816F-1DC4A8A6D4F6}.Release|Any CPU.ActiveCfg = Release|Any CPU
		{4951ECD5-1078-4A0A-816F-1DC4A8A6D4F6}.Release|Any CPU.Build.0 = Release|Any CPU
		{E92DC323-D36A-4A84-99A6-124286402E7A}.Debug|Any CPU.ActiveCfg = Debug|Any CPU
		{E92DC323-D36A-4A84-99A6-124286402E7A}.Debug|Any CPU.Build.0 = Debug|Any CPU
		{E92DC323-D36A-4A84-99A6-124286402E7A}.Release|Any CPU.ActiveCfg = Release|Any CPU
		{E92DC323-D36A-4A84-99A6-124286402E7A}.Release|Any CPU.Build.0 = Release|Any CPU
		{1AAD0A37-1668-482F-A9FB-9045BA1E9006}.Debug|Any CPU.ActiveCfg = Debug|Any CPU
		{1AAD0A37-1668-482F-A9FB-9045BA1E9006}.Debug|Any CPU.Build.0 = Debug|Any CPU
		{1AAD0A37-1668-482F-A9FB-9045BA1E9006}.Release|Any CPU.ActiveCfg = Release|Any CPU
		{1AAD0A37-1668-482F-A9FB-9045BA1E9006}.Release|Any CPU.Build.0 = Release|Any CPU
		{162356E4-4A57-456C-811E-5F63A84A3595}.Debug|Any CPU.ActiveCfg = Debug|Any CPU
		{162356E4-4A57-456C-811E-5F63A84A3595}.Debug|Any CPU.Build.0 = Debug|Any CPU
		{162356E4-4A57-456C-811E-5F63A84A3595}.Release|Any CPU.ActiveCfg = Release|Any CPU
		{162356E4-4A57-456C-811E-5F63A84A3595}.Release|Any CPU.Build.0 = Release|Any CPU
		{DE7A65B1-FA70-4CEB-AE7A-932572055E0B}.Debug|Any CPU.ActiveCfg = Debug|Any CPU
		{DE7A65B1-FA70-4CEB-AE7A-932572055E0B}.Debug|Any CPU.Build.0 = Debug|Any CPU
		{DE7A65B1-FA70-4CEB-AE7A-932572055E0B}.Release|Any CPU.ActiveCfg = Release|Any CPU
		{DE7A65B1-FA70-4CEB-AE7A-932572055E0B}.Release|Any CPU.Build.0 = Release|Any CPU
	EndGlobalSection
	GlobalSection(SolutionProperties) = preSolution
		HideSolutionNode = FALSE
	EndGlobalSection
	GlobalSection(ExtensibilityGlobals) = postSolution
		SolutionGuid = {A65FF02A-3D51-42F2-9B29-17BE5ADC2AAD}
	EndGlobalSection
EndGlobal
